
Microsoft Visual Studio Solution File, Format Version 12.00
Project("{FAE04EC0-301F-11D3-BF4B-00C04F79EFBC}") = "Damn_Generic_List", "Damn_Generic_List\Damn_Generic_List.csproj", "{C6843444-2CD8-4265-8D8E-BB05A44CBE9C}"
EndProject
Global
	GlobalSection(SolutionConfigurationPlatforms) = preSolution
		Debug|Any CPU = Debug|Any CPU
		Release|Any CPU = Release|Any CPU
	EndGlobalSection
	GlobalSection(ProjectConfigurationPlatforms) = postSolution
		{C6843444-2CD8-4265-8D8E-BB05A44CBE9C}.Debug|Any CPU.ActiveCfg = Debug|Any CPU
		{C6843444-2CD8-4265-8D8E-BB05A44CBE9C}.Debug|Any CPU.Build.0 = Debug|Any CPU
		{C6843444-2CD8-4265-8D8E-BB05A44CBE9C}.Release|Any CPU.ActiveCfg = Release|Any CPU
		{C6843444-2CD8-4265-8D8E-BB05A44CBE9C}.Release|Any CPU.Build.0 = Release|Any CPU
	EndGlobalSection
EndGlobal
